{
  "name": "log4js-kafka-appender",
  "version": "1.0.0",
  "lockfileVersion": 2,
  "requires": true,
  "packages": {
    "": {
      "name": "log4js-kafka-appender",
      "version": "1.0.0",
      "license": "ISC",
      "dependencies": {
        "kafkajs": "^2.0.2",
        "os": "^0.1.2"
      }
    },
    "node_modules/kafkajs": {
      "version": "2.0.2",
      "resolved": "https://registry.npmjs.org/kafkajs/-/kafkajs-2.0.2.tgz",
      "integrity": "sha512-g6CM3fAenofOjR1bfOAqeZUEaSGhNtBscNokybSdW1rmIKYNwBPC9xQzwulFJm36u/xcxXUiCl/L/qfslapihA==",
      "engines": {
        "node": ">=14.0.0"
      }
    },
    "node_modules/os": {
      "version": "0.1.2",
      "resolved": "https://registry.npmjs.org/os/-/os-0.1.2.tgz",
      "integrity": "sha512-ZoXJkvAnljwvc56MbvhtKVWmSkzV712k42Is2mA0+0KTSRakq5XXuXpjZjgAt9ctzl51ojhQWakQQpmOvXWfjQ=="
    }
  },
  "dependencies": {
    "kafkajs": {
      "version": "2.0.2",
      "resolved": "https://registry.npmjs.org/kafkajs/-/kafkajs-2.0.2.tgz",
      "integrity": "sha512-g6CM3fAenofOjR1bfOAqeZUEaSGhNtBscNokybSdW1rmIKYNwBPC9xQzwulFJm36u/xcxXUiCl/L/qfslapihA=="
    },
    "os": {
      "version": "0.1.2",
      "resolved": "https://registry.npmjs.org/os/-/os-0.1.2.tgz",
      "integrity": "sha512-ZoXJkvAnljwvc56MbvhtKVWmSkzV712k42Is2mA0+0KTSRakq5XXuXpjZjgAt9ctzl51ojhQWakQQpmOvXWfjQ=="
    }
  }
}
